
Microsoft Visual Studio Solution File, Format Version 12.00
# Visual Studio Version 17
VisualStudioVersion = 17.1.32328.378
MinimumVisualStudioVersion = 10.0.40219.1
Project("{FAE04EC0-301F-11D3-BF4B-00C04F79EFBC}") = "Assignment2", "Assignment2\Assignment2.csproj", "{6826E690-E977-4226-89E9-8EDB5D9539EF}"
EndProject
Global
	GlobalSection(SolutionConfigurationPlatforms) = preSolution
		Debug|Any CPU = Debug|Any CPU
		Release|Any CPU = Release|Any CPU
	EndGlobalSection
	GlobalSection(ProjectConfigurationPlatforms) = postSolution
		{6826E690-E977-4226-89E9-8EDB5D9539EF}.Debug|Any CPU.ActiveCfg = Debug|Any CPU
		{6826E690-E977-4226-89E9-8EDB5D9539EF}.Debug|Any CPU.Build.0 = Debug|Any CPU
		{6826E690-E977-4226-89E9-8EDB5D9539EF}.Release|Any CPU.ActiveCfg = Release|Any CPU
		{6826E690-E977-4226-89E9-8EDB5D9539EF}.Release|Any CPU.Build.0 = Release|Any CPU
	EndGlobalSection
	GlobalSection(SolutionProperties) = preSolution
		HideSolutionNode = FALSE
	EndGlobalSection
	GlobalSection(ExtensibilityGlobals) = postSolution
		SolutionGuid = {A5B3A400-4F5A-4237-B7AF-B50FEB55BA43}
	EndGlobalSection
EndGlobal
