
Microsoft Visual Studio Solution File, Format Version 12.00
# Visual Studio Version 17
VisualStudioVersion = 17.1.32328.378
MinimumVisualStudioVersion = 10.0.40219.1
Project("{FAE04EC0-301F-11D3-BF4B-00C04F79EFBC}") = "HolsLabDay2", "TemplateDemo\HolsLabDay2.csproj", "{988DE04C-8605-47FB-BE07-EB424D7963F5}"
EndProject
Global
	GlobalSection(SolutionConfigurationPlatforms) = preSolution
		Debug|Any CPU = Debug|Any CPU
		Release|Any CPU = Release|Any CPU
	EndGlobalSection
	GlobalSection(ProjectConfigurationPlatforms) = postSolution
		{988DE04C-8605-47FB-BE07-EB424D7963F5}.Debug|Any CPU.ActiveCfg = Debug|Any CPU
		{988DE04C-8605-47FB-BE07-EB424D7963F5}.Debug|Any CPU.Build.0 = Debug|Any CPU
		{988DE04C-8605-47FB-BE07-EB424D7963F5}.Release|Any CPU.ActiveCfg = Release|Any CPU
		{988DE04C-8605-47FB-BE07-EB424D7963F5}.Release|Any CPU.Build.0 = Release|Any CPU
	EndGlobalSection
	GlobalSection(SolutionProperties) = preSolution
		HideSolutionNode = FALSE
	EndGlobalSection
	GlobalSection(ExtensibilityGlobals) = postSolution
		SolutionGuid = {088380C3-4128-40EF-88EF-08CF90059B1B}
	EndGlobalSection
EndGlobal
